// !$*UTF8*$!
{
	archiveVersion = 1;
	classes = {
	};
	objectVersion = 46;
	objects = {

/* Begin PBXBuildFile section */
		D73AE6261D9B66A3005892A0 /* AppDelegate.swift in Sources */ = {isa = PBXBuildFile; fileRef = D73AE6251D9B66A3005892A0 /* AppDelegate.swift */; };
		D73AE6281D9B66A3005892A0 /* ViewController.swift in Sources */ = {isa = PBXBuildFile; fileRef = D73AE6271D9B66A3005892A0 /* ViewController.swift */; };
		D73AE62B1D9B66A3005892A0 /* Main.storyboard in Resources */ = {isa = PBXBuildFile; fileRef = D73AE6291D9B66A3005892A0 /* Main.storyboard */; };
		D73AE62D1D9B66A3005892A0 /* Assets.xcassets in Resources */ = {isa = PBXBuildFile; fileRef = D73AE62C1D9B66A3005892A0 /* Assets.xcassets */; };
		D73AE6301D9B66A3005892A0 /* LaunchScreen.storyboard in Resources */ = {isa = PBXBuildFile; fileRef = D73AE62E1D9B66A3005892A0 /* LaunchScreen.storyboard */; };
		D73AE65C1D9B66BE005892A0 /* ConstraintDSL.swift in Sources */ = {isa = PBXBuildFile; fileRef = D73AE6391D9B66BE005892A0 /* ConstraintDSL.swift */; };
		D73AE65D1D9B66BE005892A0 /* ConstraintLayoutGuideDSL.swift in Sources */ = {isa = PBXBuildFile; fileRef = D73AE63A1D9B66BE005892A0 /* ConstraintLayoutGuideDSL.swift */; };
		D73AE65E1D9B66BE005892A0 /* ConstraintLayoutSupportDSL.swift in Sources */ = {isa = PBXBuildFile; fileRef = D73AE63B1D9B66BE005892A0 /* ConstraintLayoutSupportDSL.swift */; };
		D73AE65F1D9B66BE005892A0 /* ConstraintViewDSL.swift in Sources */ = {isa = PBXBuildFile; fileRef = D73AE63C1D9B66BE005892A0 /* ConstraintViewDSL.swift */; };
		D73AE6601D9B66BE005892A0 /* ConstraintView+Extensions.swift in Sources */ = {isa = PBXBuildFile; fileRef = D73AE63E1D9B66BE005892A0 /* ConstraintView+Extensions.swift */; };
		D73AE6611D9B66BE005892A0 /* UILayoutGuide+Extensions.swift in Sources */ = {isa = PBXBuildFile; fileRef = D73AE63F1D9B66BE005892A0 /* UILayoutGuide+Extensions.swift */; };
		D73AE6621D9B66BE005892A0 /* UILayoutSupport+Extensions.swift in Sources */ = {isa = PBXBuildFile; fileRef = D73AE6401D9B66BE005892A0 /* UILayoutSupport+Extensions.swift */; };
		D73AE6631D9B66BE005892A0 /* ConstraintMaker.swift in Sources */ = {isa = PBXBuildFile; fileRef = D73AE6421D9B66BE005892A0 /* ConstraintMaker.swift */; };
		D73AE6641D9B66BE005892A0 /* ConstraintMakerEditable.swift in Sources */ = {isa = PBXBuildFile; fileRef = D73AE6431D9B66BE005892A0 /* ConstraintMakerEditable.swift */; };
		D73AE6651D9B66BE005892A0 /* ConstraintMakerExtendable.swift in Sources */ = {isa = PBXBuildFile; fileRef = D73AE6441D9B66BE005892A0 /* ConstraintMakerExtendable.swift */; };
		D73AE6661D9B66BE005892A0 /* ConstraintMakerFinalizable.swift in Sources */ = {isa = PBXBuildFile; fileRef = D73AE6451D9B66BE005892A0 /* ConstraintMakerFinalizable.swift */; };
		D73AE6671D9B66BE005892A0 /* ConstraintMakerPriortizable.swift in Sources */ = {isa = PBXBuildFile; fileRef = D73AE6461D9B66BE005892A0 /* ConstraintMakerPriortizable.swift */; };
		D73AE6681D9B66BE005892A0 /* ConstraintMakerRelatable.swift in Sources */ = {isa = PBXBuildFile; fileRef = D73AE6471D9B66BE005892A0 /* ConstraintMakerRelatable.swift */; };
		D73AE6691D9B66BE005892A0 /* Constraint.swift in Sources */ = {isa = PBXBuildFile; fileRef = D73AE6491D9B66BE005892A0 /* Constraint.swift */; };
		D73AE66A1D9B66BE005892A0 /* ConstraintAttributes.swift in Sources */ = {isa = PBXBuildFile; fileRef = D73AE64A1D9B66BE005892A0 /* ConstraintAttributes.swift */; };
		D73AE66B1D9B66BE005892A0 /* ConstraintConfig.swift in Sources */ = {isa = PBXBuildFile; fileRef = D73AE64B1D9B66BE005892A0 /* ConstraintConfig.swift */; };
		D73AE66C1D9B66BE005892A0 /* ConstraintDescription.swift in Sources */ = {isa = PBXBuildFile; fileRef = D73AE64C1D9B66BE005892A0 /* ConstraintDescription.swift */; };
		D73AE66D1D9B66BE005892A0 /* ConstraintInsets.swift in Sources */ = {isa = PBXBuildFile; fileRef = D73AE64D1D9B66BE005892A0 /* ConstraintInsets.swift */; };
		D73AE66E1D9B66BE005892A0 /* ConstraintItem.swift in Sources */ = {isa = PBXBuildFile; fileRef = D73AE64E1D9B66BE005892A0 /* ConstraintItem.swift */; };
		D73AE66F1D9B66BE005892A0 /* ConstraintLayoutGuide.swift in Sources */ = {isa = PBXBuildFile; fileRef = D73AE64F1D9B66BE005892A0 /* ConstraintLayoutGuide.swift */; };
		D73AE6701D9B66BE005892A0 /* ConstraintLayoutSupport.swift in Sources */ = {isa = PBXBuildFile; fileRef = D73AE6501D9B66BE005892A0 /* ConstraintLayoutSupport.swift */; };
		D73AE6711D9B66BE005892A0 /* ConstraintRelation.swift in Sources */ = {isa = PBXBuildFile; fileRef = D73AE6511D9B66BE005892A0 /* ConstraintRelation.swift */; };
		D73AE6721D9B66BE005892A0 /* ConstraintView.swift in Sources */ = {isa = PBXBuildFile; fileRef = D73AE6521D9B66BE005892A0 /* ConstraintView.swift */; };
		D73AE6731D9B66BE005892A0 /* LayoutConstraint.swift in Sources */ = {isa = PBXBuildFile; fileRef = D73AE6531D9B66BE005892A0 /* LayoutConstraint.swift */; };
		D73AE6741D9B66BE005892A0 /* ConstraintConstantTarget.swift in Sources */ = {isa = PBXBuildFile; fileRef = D73AE6561D9B66BE005892A0 /* ConstraintConstantTarget.swift */; };
		D73AE6751D9B66BE005892A0 /* ConstraintInsetTarget.swift in Sources */ = {isa = PBXBuildFile; fileRef = D73AE6571D9B66BE005892A0 /* ConstraintInsetTarget.swift */; };
		D73AE6761D9B66BE005892A0 /* ConstraintMultiplierTarget.swift in Sources */ = {isa = PBXBuildFile; fileRef = D73AE6581D9B66BE005892A0 /* ConstraintMultiplierTarget.swift */; };
		D73AE6771D9B66BE005892A0 /* ConstraintOffsetTarget.swift in Sources */ = {isa = PBXBuildFile; fileRef = D73AE6591D9B66BE005892A0 /* ConstraintOffsetTarget.swift */; };
		D73AE6781D9B66BE005892A0 /* ConstraintPriorityTarget.swift in Sources */ = {isa = PBXBuildFile; fileRef = D73AE65A1D9B66BE005892A0 /* ConstraintPriorityTarget.swift */; };
		D73AE6791D9B66BE005892A0 /* ConstraintRelatableTarget.swift in Sources */ = {isa = PBXBuildFile; fileRef = D73AE65B1D9B66BE005892A0 /* ConstraintRelatableTarget.swift */; };
		D73AE6821D9B6EFC005892A0 /* helper.swift in Sources */ = {isa = PBXBuildFile; fileRef = D73AE6811D9B6EFC005892A0 /* helper.swift */; };
		D73E78831DA8C53B00D464BF /* TableArray.swift in Sources */ = {isa = PBXBuildFile; fileRef = D73E78821DA8C53B00D464BF /* TableArray.swift */; };
		D7C31D3A1DAA1DF3006DE9B6 /* BasicDataSource.swift in Sources */ = {isa = PBXBuildFile; fileRef = D7C31D391DAA1DF3006DE9B6 /* BasicDataSource.swift */; };
		D7C31D3C1DAA2326006DE9B6 /* DataSource1.swift in Sources */ = {isa = PBXBuildFile; fileRef = D7C31D3B1DAA2326006DE9B6 /* DataSource1.swift */; };
		D7C31D3E1DAA32D5006DE9B6 /* Cell1.swift in Sources */ = {isa = PBXBuildFile; fileRef = D7C31D3D1DAA32D5006DE9B6 /* Cell1.swift */; };
		D7C31D401DAA445E006DE9B6 /* UITableViewCell+.swift in Sources */ = {isa = PBXBuildFile; fileRef = D7C31D3F1DAA445E006DE9B6 /* UITableViewCell+.swift */; };
		D7C31D431DAA5D71006DE9B6 /* WebViewController.swift in Sources */ = {isa = PBXBuildFile; fileRef = D7C31D411DAA5D70006DE9B6 /* WebViewController.swift */; };
		D7C31D441DAA5D71006DE9B6 /* WebViewController.xib in Resources */ = {isa = PBXBuildFile; fileRef = D7C31D421DAA5D71006DE9B6 /* WebViewController.xib */; };
		D7F76E731DDBFB95008171EC /* XJColor.swift in Sources */ = {isa = PBXBuildFile; fileRef = D7F76E701DDBFB95008171EC /* XJColor.swift */; };
		D7F76E741DDBFB95008171EC /* XJOptionView.swift in Sources */ = {isa = PBXBuildFile; fileRef = D7F76E711DDBFB95008171EC /* XJOptionView.swift */; };
		D7F76E751DDBFB95008171EC /* XJPageView.swift in Sources */ = {isa = PBXBuildFile; fileRef = D7F76E721DDBFB95008171EC /* XJPageView.swift */; };
/* End PBXBuildFile section */

/* Begin PBXFileReference section */
		D73AE6221D9B66A3005892A0 /* XJOptionView.app */ = {isa = PBXFileReference; explicitFileType = wrapper.application; includeInIndex = 0; path = XJOptionView.app; sourceTree = BUILT_PRODUCTS_DIR; };
		D73AE6251D9B66A3005892A0 /* AppDelegate.swift */ = {isa = PBXFileReference; lastKnownFileType = sourcecode.swift; path = AppDelegate.swift; sourceTree = "<group>"; };
		D73AE6271D9B66A3005892A0 /* ViewController.swift */ = {isa = PBXFileReference; lastKnownFileType = sourcecode.swift; path = ViewController.swift; sourceTree = "<group>"; };
		D73AE62A1D9B66A3005892A0 /* Base */ = {isa = PBXFileReference; lastKnownFileType = file.storyboard; name = Base; path = Base.lproj/Main.storyboard; sourceTree = "<group>"; };
		D73AE62C1D9B66A3005892A0 /* Assets.xcassets */ = {isa = PBXFileReference; lastKnownFileType = folder.assetcatalog; path = Assets.xcassets; sourceTree = "<group>"; };
		D73AE62F1D9B66A3005892A0 /* Base */ = {isa = PBXFileReference; lastKnownFileType = file.storyboard; name = Base; path = Base.lproj/LaunchScreen.storyboard; sourceTree = "<group>"; };
		D73AE6311D9B66A3005892A0 /* Info.plist */ = {isa = PBXFileReference; lastKnownFileType = text.plist.xml; path = Info.plist; sourceTree = "<group>"; };
		D73AE6391D9B66BE005892A0 /* ConstraintDSL.swift */ = {isa = PBXFileReference; fileEncoding = 4; lastKnownFileType = sourcecode.swift; path = ConstraintDSL.swift; sourceTree = "<group>"; };
		D73AE63A1D9B66BE005892A0 /* ConstraintLayoutGuideDSL.swift */ = {isa = PBXFileReference; fileEncoding = 4; lastKnownFileType = sourcecode.swift; path = ConstraintLayoutGuideDSL.swift; sourceTree = "<group>"; };
		D73AE63B1D9B66BE005892A0 /* ConstraintLayoutSupportDSL.swift */ = {isa = PBXFileReference; fileEncoding = 4; lastKnownFileType = sourcecode.swift; path = ConstraintLayoutSupportDSL.swift; sourceTree = "<group>"; };
		D73AE63C1D9B66BE005892A0 /* ConstraintViewDSL.swift */ = {isa = PBXFileReference; fileEncoding = 4; lastKnownFileType = sourcecode.swift; path = ConstraintViewDSL.swift; sourceTree = "<group>"; };
		D73AE63E1D9B66BE005892A0 /* ConstraintView+Extensions.swift */ = {isa = PBXFileReference; fileEncoding = 4; lastKnownFileType = sourcecode.swift; path = "ConstraintView+Extensions.swift"; sourceTree = "<group>"; };
		D73AE63F1D9B66BE005892A0 /* UILayoutGuide+Extensions.swift */ = {isa = PBXFileReference; fileEncoding = 4; lastKnownFileType = sourcecode.swift; path = "UILayoutGuide+Extensions.swift"; sourceTree = "<group>"; };
		D73AE6401D9B66BE005892A0 /* UILayoutSupport+Extensions.swift */ = {isa = PBXFileReference; fileEncoding = 4; lastKnownFileType = sourcecode.swift; path = "UILayoutSupport+Extensions.swift"; sourceTree = "<group>"; };
		D73AE6421D9B66BE005892A0 /* ConstraintMaker.swift */ = {isa = PBXFileReference; fileEncoding = 4; lastKnownFileType = sourcecode.swift; path = ConstraintMaker.swift; sourceTree = "<group>"; };
		D73AE6431D9B66BE005892A0 /* ConstraintMakerEditable.swift */ = {isa = PBXFileReference; fileEncoding = 4; lastKnownFileType = sourcecode.swift; path = ConstraintMakerEditable.swift; sourceTree = "<group>"; };
		D73AE6441D9B66BE005892A0 /* ConstraintMakerExtendable.swift */ = {isa = PBXFileReference; fileEncoding = 4; lastKnownFileType = sourcecode.swift; path = ConstraintMakerExtendable.swift; sourceTree = "<group>"; };
		D73AE6451D9B66BE005892A0 /* ConstraintMakerFinalizable.swift */ = {isa = PBXFileReference; fileEncoding = 4; lastKnownFileType = sourcecode.swift; path = ConstraintMakerFinalizable.swift; sourceTree = "<group>"; };
		D73AE6461D9B66BE005892A0 /* ConstraintMakerPriortizable.swift */ = {isa = PBXFileReference; fileEncoding = 4; lastKnownFileType = sourcecode.swift; path = ConstraintMakerPriortizable.swift; sourceTree = "<group>"; };
		D73AE6471D9B66BE005892A0 /* ConstraintMakerRelatable.swift */ = {isa = PBXFileReference; fileEncoding = 4; lastKnownFileType = sourcecode.swift; path = ConstraintMakerRelatable.swift; sourceTree = "<group>"; };
		D73AE6491D9B66BE005892A0 /* Constraint.swift */ = {isa = PBXFileReference; fileEncoding = 4; lastKnownFileType = sourcecode.swift; path = Constraint.swift; sourceTree = "<group>"; };
		D73AE64A1D9B66BE005892A0 /* ConstraintAttributes.swift */ = {isa = PBXFileReference; fileEncoding = 4; lastKnownFileType = sourcecode.swift; path = ConstraintAttributes.swift; sourceTree = "<group>"; };
		D73AE64B1D9B66BE005892A0 /* ConstraintConfig.swift */ = {isa = PBXFileReference; fileEncoding = 4; lastKnownFileType = sourcecode.swift; path = ConstraintConfig.swift; sourceTree = "<group>"; };
		D73AE64C1D9B66BE005892A0 /* ConstraintDescription.swift */ = {isa = PBXFileReference; fileEncoding = 4; lastKnownFileType = sourcecode.swift; path = ConstraintDescription.swift; sourceTree = "<group>"; };
		D73AE64D1D9B66BE005892A0 /* ConstraintInsets.swift */ = {isa = PBXFileReference; fileEncoding = 4; lastKnownFileType = sourcecode.swift; path = ConstraintInsets.swift; sourceTree = "<group>"; };
		D73AE64E1D9B66BE005892A0 /* ConstraintItem.swift */ = {isa = PBXFileReference; fileEncoding = 4; lastKnownFileType = sourcecode.swift; path = ConstraintItem.swift; sourceTree = "<group>"; };
		D73AE64F1D9B66BE005892A0 /* ConstraintLayoutGuide.swift */ = {isa = PBXFileReference; fileEncoding = 4; lastKnownFileType = sourcecode.swift; path = ConstraintLayoutGuide.swift; sourceTree = "<group>"; };
		D73AE6501D9B66BE005892A0 /* ConstraintLayoutSupport.swift */ = {isa = PBXFileReference; fileEncoding = 4; lastKnownFileType = sourcecode.swift; path = ConstraintLayoutSupport.swift; sourceTree = "<group>"; };
		D73AE6511D9B66BE005892A0 /* ConstraintRelation.swift */ = {isa = PBXFileReference; fileEncoding = 4; lastKnownFileType = sourcecode.swift; path = ConstraintRelation.swift; sourceTree = "<group>"; };
		D73AE6521D9B66BE005892A0 /* ConstraintView.swift */ = {isa = PBXFileReference; fileEncoding = 4; lastKnownFileType = sourcecode.swift; path = ConstraintView.swift; sourceTree = "<group>"; };
		D73AE6531D9B66BE005892A0 /* LayoutConstraint.swift */ = {isa = PBXFileReference; fileEncoding = 4; lastKnownFileType = sourcecode.swift; path = LayoutConstraint.swift; sourceTree = "<group>"; };
		D73AE6541D9B66BE005892A0 /* SnapKit.h */ = {isa = PBXFileReference; fileEncoding = 4; lastKnownFileType = sourcecode.c.h; path = SnapKit.h; sourceTree = "<group>"; };
		D73AE6561D9B66BE005892A0 /* ConstraintConstantTarget.swift */ = {isa = PBXFileReference; fileEncoding = 4; lastKnownFileType = sourcecode.swift; path = ConstraintConstantTarget.swift; sourceTree = "<group>"; };
		D73AE6571D9B66BE005892A0 /* ConstraintInsetTarget.swift */ = {isa = PBXFileReference; fileEncoding = 4; lastKnownFileType = sourcecode.swift; path = ConstraintInsetTarget.swift; sourceTree = "<group>"; };
		D73AE6581D9B66BE005892A0 /* ConstraintMultiplierTarget.swift */ = {isa = PBXFileReference; fileEncoding = 4; lastKnownFileType = sourcecode.swift; path = ConstraintMultiplierTarget.swift; sourceTree = "<group>"; };
		D73AE6591D9B66BE005892A0 /* ConstraintOffsetTarget.swift */ = {isa = PBXFileReference; fileEncoding = 4; lastKnownFileType = sourcecode.swift; path = ConstraintOffsetTarget.swift; sourceTree = "<group>"; };
		D73AE65A1D9B66BE005892A0 /* ConstraintPriorityTarget.swift */ = {isa = PBXFileReference; fileEncoding = 4; lastKnownFileType = sourcecode.swift; path = ConstraintPriorityTarget.swift; sourceTree = "<group>"; };
		D73AE65B1D9B66BE005892A0 /* ConstraintRelatableTarget.swift */ = {isa = PBXFileReference; fileEncoding = 4; lastKnownFileType = sourcecode.swift; path = ConstraintRelatableTarget.swift; sourceTree = "<group>"; };
		D73AE6811D9B6EFC005892A0 /* helper.swift */ = {isa = PBXFileReference; fileEncoding = 4; lastKnownFileType = sourcecode.swift; path = helper.swift; sourceTree = "<group>"; };
		D73E78821DA8C53B00D464BF /* TableArray.swift */ = {isa = PBXFileReference; fileEncoding = 4; lastKnownFileType = sourcecode.swift; path = TableArray.swift; sourceTree = "<group>"; };
		D7C31D391DAA1DF3006DE9B6 /* BasicDataSource.swift */ = {isa = PBXFileReference; fileEncoding = 4; lastKnownFileType = sourcecode.swift; path = BasicDataSource.swift; sourceTree = "<group>"; };
		D7C31D3B1DAA2326006DE9B6 /* DataSource1.swift */ = {isa = PBXFileReference; fileEncoding = 4; lastKnownFileType = sourcecode.swift; path = DataSource1.swift; sourceTree = "<group>"; };
		D7C31D3D1DAA32D5006DE9B6 /* Cell1.swift */ = {isa = PBXFileReference; fileEncoding = 4; lastKnownFileType = sourcecode.swift; path = Cell1.swift; sourceTree = "<group>"; };
		D7C31D3F1DAA445E006DE9B6 /* UITableViewCell+.swift */ = {isa = PBXFileReference; fileEncoding = 4; lastKnownFileType = sourcecode.swift; path = "UITableViewCell+.swift"; sourceTree = "<group>"; };
		D7C31D411DAA5D70006DE9B6 /* WebViewController.swift */ = {isa = PBXFileReference; fileEncoding = 4; lastKnownFileType = sourcecode.swift; path = WebViewController.swift; sourceTree = "<group>"; };
		D7C31D421DAA5D71006DE9B6 /* WebViewController.xib */ = {isa = PBXFileReference; fileEncoding = 4; lastKnownFileType = file.xib; path = WebViewController.xib; sourceTree = "<group>"; };
		D7F76E701DDBFB95008171EC /* XJColor.swift */ = {isa = PBXFileReference; fileEncoding = 4; lastKnownFileType = sourcecode.swift; path = XJColor.swift; sourceTree = "<group>"; };
		D7F76E711DDBFB95008171EC /* XJOptionView.swift */ = {isa = PBXFileReference; fileEncoding = 4; lastKnownFileType = sourcecode.swift; path = XJOptionView.swift; sourceTree = "<group>"; };
		D7F76E721DDBFB95008171EC /* XJPageView.swift */ = {isa = PBXFileReference; fileEncoding = 4; lastKnownFileType = sourcecode.swift; path = XJPageView.swift; sourceTree = "<group>"; };
/* End PBXFileReference section */

/* Begin PBXFrameworksBuildPhase section */
		D73AE61F1D9B66A3005892A0 /* Frameworks */ = {
			isa = PBXFrameworksBuildPhase;
			buildActionMask = 2147483647;
			files = (
			);
			runOnlyForDeploymentPostprocessing = 0;
		};
/* End PBXFrameworksBuildPhase section */

/* Begin PBXGroup section */
		D73AE6191D9B66A3005892A0 = {
			isa = PBXGroup;
			children = (
				D73AE6241D9B66A3005892A0 /* XJOptionView */,
				D73AE6231D9B66A3005892A0 /* Products */,
			);
			sourceTree = "<group>";
		};
		D73AE6231D9B66A3005892A0 /* Products */ = {
			isa = PBXGroup;
			children = (
				D73AE6221D9B66A3005892A0 /* XJOptionView.app */,
			);
			name = Products;
			sourceTree = "<group>";
		};
		D73AE6241D9B66A3005892A0 /* XJOptionView */ = {
			isa = PBXGroup;
			children = (
				D73AE6371D9B66BE005892A0 /* SnapKit */,
				D73AE67A1D9B670A005892A0 /* Category */,
				D7F76E6F1DDBFB95008171EC /* XJOptionView */,
				D73AE6251D9B66A3005892A0 /* AppDelegate.swift */,
				D73AE6811D9B6EFC005892A0 /* helper.swift */,
				D73AE6271D9B66A3005892A0 /* ViewController.swift */,
				D7C31D411DAA5D70006DE9B6 /* WebViewController.swift */,
				D7C31D421DAA5D71006DE9B6 /* WebViewController.xib */,
				D73E78821DA8C53B00D464BF /* TableArray.swift */,
				D7C31D391DAA1DF3006DE9B6 /* BasicDataSource.swift */,
				D7C31D3B1DAA2326006DE9B6 /* DataSource1.swift */,
				D7C31D3F1DAA445E006DE9B6 /* UITableViewCell+.swift */,
				D7C31D3D1DAA32D5006DE9B6 /* Cell1.swift */,
				D73AE6291D9B66A3005892A0 /* Main.storyboard */,
				D73AE62C1D9B66A3005892A0 /* Assets.xcassets */,
				D73AE62E1D9B66A3005892A0 /* LaunchScreen.storyboard */,
				D73AE6311D9B66A3005892A0 /* Info.plist */,
			);
			path = XJOptionView;
			sourceTree = "<group>";
		};
		D73AE6371D9B66BE005892A0 /* SnapKit */ = {
			isa = PBXGroup;
			children = (
				D73AE6381D9B66BE005892A0 /* DSLs */,
				D73AE63D1D9B66BE005892A0 /* Extensions */,
				D73AE6411D9B66BE005892A0 /* Maker */,
				D73AE6481D9B66BE005892A0 /* Models */,
				D73AE6541D9B66BE005892A0 /* SnapKit.h */,
				D73AE6551D9B66BE005892A0 /* Targets */,
			);
			path = SnapKit;
			sourceTree = "<group>";
		};
		D73AE6381D9B66BE005892A0 /* DSLs */ = {
			isa = PBXGroup;
			children = (
				D73AE6391D9B66BE005892A0 /* ConstraintDSL.swift */,
				D73AE63A1D9B66BE005892A0 /* ConstraintLayoutGuideDSL.swift */,
				D73AE63B1D9B66BE005892A0 /* ConstraintLayoutSupportDSL.swift */,
				D73AE63C1D9B66BE005892A0 /* ConstraintViewDSL.swift */,
			);
			path = DSLs;
			sourceTree = "<group>";
		};
		D73AE63D1D9B66BE005892A0 /* Extensions */ = {
			isa = PBXGroup;
			children = (
				D73AE63E1D9B66BE005892A0 /* ConstraintView+Extensions.swift */,
				D73AE63F1D9B66BE005892A0 /* UILayoutGuide+Extensions.swift */,
				D73AE6401D9B66BE005892A0 /* UILayoutSupport+Extensions.swift */,
			);
			path = Extensions;
			sourceTree = "<group>";
		};
		D73AE6411D9B66BE005892A0 /* Maker */ = {
			isa = PBXGroup;
			children = (
				D73AE6421D9B66BE005892A0 /* ConstraintMaker.swift */,
				D73AE6431D9B66BE005892A0 /* ConstraintMakerEditable.swift */,
				D73AE6441D9B66BE005892A0 /* ConstraintMakerExtendable.swift */,
				D73AE6451D9B66BE005892A0 /* ConstraintMakerFinalizable.swift */,
				D73AE6461D9B66BE005892A0 /* ConstraintMakerPriortizable.swift */,
				D73AE6471D9B66BE005892A0 /* ConstraintMakerRelatable.swift */,
			);
			path = Maker;
			sourceTree = "<group>";
		};
		D73AE6481D9B66BE005892A0 /* Models */ = {
			isa = PBXGroup;
			children = (
				D73AE6491D9B66BE005892A0 /* Constraint.swift */,
				D73AE64A1D9B66BE005892A0 /* ConstraintAttributes.swift */,
				D73AE64B1D9B66BE005892A0 /* ConstraintConfig.swift */,
				D73AE64C1D9B66BE005892A0 /* ConstraintDescription.swift */,
				D73AE64D1D9B66BE005892A0 /* ConstraintInsets.swift */,
				D73AE64E1D9B66BE005892A0 /* ConstraintItem.swift */,
				D73AE64F1D9B66BE005892A0 /* ConstraintLayoutGuide.swift */,
				D73AE6501D9B66BE005892A0 /* ConstraintLayoutSupport.swift */,
				D73AE6511D9B66BE005892A0 /* ConstraintRelation.swift */,
				D73AE6521D9B66BE005892A0 /* ConstraintView.swift */,
				D73AE6531D9B66BE005892A0 /* LayoutConstraint.swift */,
			);
			path = Models;
			sourceTree = "<group>";
		};
		D73AE6551D9B66BE005892A0 /* Targets */ = {
			isa = PBXGroup;
			children = (
				D73AE6561D9B66BE005892A0 /* ConstraintConstantTarget.swift */,
				D73AE6571D9B66BE005892A0 /* ConstraintInsetTarget.swift */,
				D73AE6581D9B66BE005892A0 /* ConstraintMultiplierTarget.swift */,
				D73AE6591D9B66BE005892A0 /* ConstraintOffsetTarget.swift */,
				D73AE65A1D9B66BE005892A0 /* ConstraintPriorityTarget.swift */,
				D73AE65B1D9B66BE005892A0 /* ConstraintRelatableTarget.swift */,
			);
			path = Targets;
			sourceTree = "<group>";
		};
		D73AE67A1D9B670A005892A0 /* Category */ = {
			isa = PBXGroup;
			children = (
			);
			path = Category;
			sourceTree = "<group>";
		};
		D7F76E6F1DDBFB95008171EC /* XJOptionView */ = {
			isa = PBXGroup;
			children = (
				D7F76E701DDBFB95008171EC /* XJColor.swift */,
				D7F76E711DDBFB95008171EC /* XJOptionView.swift */,
				D7F76E721DDBFB95008171EC /* XJPageView.swift */,
			);
			path = XJOptionView;
			sourceTree = "<group>";
		};
/* End PBXGroup section */

/* Begin PBXNativeTarget section */
		D73AE6211D9B66A3005892A0 /* XJOptionView */ = {
			isa = PBXNativeTarget;
			buildConfigurationList = D73AE6341D9B66A3005892A0 /* Build configuration list for PBXNativeTarget "XJOptionView" */;
			buildPhases = (
				D73AE61E1D9B66A3005892A0 /* Sources */,
				D73AE61F1D9B66A3005892A0 /* Frameworks */,
				D73AE6201D9B66A3005892A0 /* Resources */,
			);
			buildRules = (
			);
			dependencies = (
			);
			name = XJOptionView;
			productName = XJOptionView;
			productReference = D73AE6221D9B66A3005892A0 /* XJOptionView.app */;
			productType = "com.apple.product-type.application";
		};
/* End PBXNativeTarget section */

/* Begin PBXProject section */
		D73AE61A1D9B66A3005892A0 /* Project object */ = {
			isa = PBXProject;
			attributes = {
				LastSwiftUpdateCheck = 0800;
				LastUpgradeCheck = 0800;
				ORGANIZATIONNAME = rxj;
				TargetAttributes = {
					D73AE6211D9B66A3005892A0 = {
						CreatedOnToolsVersion = 8.0;
						DevelopmentTeam = DRJ42M455V;
						ProvisioningStyle = Automatic;
					};
				};
			};
			buildConfigurationList = D73AE61D1D9B66A3005892A0 /* Build configuration list for PBXProject "XJOptionView" */;
			compatibilityVersion = "Xcode 3.2";
			developmentRegion = English;
			hasScannedForEncodings = 0;
			knownRegions = (
				en,
				Base,
			);
			mainGroup = D73AE6191D9B66A3005892A0;
			productRefGroup = D73AE6231D9B66A3005892A0 /* Products */;
			projectDirPath = "";
			projectRoot = "";
			targets = (
				D73AE6211D9B66A3005892A0 /* XJOptionView */,
			);
		};
/* End PBXProject section */

/* Begin PBXResourcesBuildPhase section */
		D73AE6201D9B66A3005892A0 /* Resources */ = {
			isa = PBXResourcesBuildPhase;
			buildActionMask = 2147483647;
			files = (
				D73AE6301D9B66A3005892A0 /* LaunchScreen.storyboard in Resources */,
				D73AE62D1D9B66A3005892A0 /* Assets.xcassets in Resources */,
				D73AE62B1D9B66A3005892A0 /* Main.storyboard in Resources */,
				D7C31D441DAA5D71006DE9B6 /* WebViewController.xib in Resources */,
			);
			runOnlyForDeploymentPostprocessing = 0;
		};
/* End PBXResourcesBuildPhase section */

/* Begin PBXSourcesBuildPhase section */
		D73AE61E1D9B66A3005892A0 /* Sources */ = {
			isa = PBXSourcesBuildPhase;
			buildActionMask = 2147483647;
			files = (
				D73E78831DA8C53B00D464BF /* TableArray.swift in Sources */,
				D73AE6741D9B66BE005892A0 /* ConstraintConstantTarget.swift in Sources */,
				D73AE6731D9B66BE005892A0 /* LayoutConstraint.swift in Sources */,
				D73AE6691D9B66BE005892A0 /* Constraint.swift in Sources */,
				D73AE6701D9B66BE005892A0 /* ConstraintLayoutSupport.swift in Sources */,
				D7C31D3A1DAA1DF3006DE9B6 /* BasicDataSource.swift in Sources */,
				D73AE66A1D9B66BE005892A0 /* ConstraintAttributes.swift in Sources */,
				D7F76E741DDBFB95008171EC /* XJOptionView.swift in Sources */,
				D73AE6671D9B66BE005892A0 /* ConstraintMakerPriortizable.swift in Sources */,
				D73AE6621D9B66BE005892A0 /* UILayoutSupport+Extensions.swift in Sources */,
				D7F76E731DDBFB95008171EC /* XJColor.swift in Sources */,
				D73AE66B1D9B66BE005892A0 /* ConstraintConfig.swift in Sources */,
				D73AE6681D9B66BE005892A0 /* ConstraintMakerRelatable.swift in Sources */,
				D7F76E751DDBFB95008171EC /* XJPageView.swift in Sources */,
				D73AE6631D9B66BE005892A0 /* ConstraintMaker.swift in Sources */,
				D73AE6771D9B66BE005892A0 /* ConstraintOffsetTarget.swift in Sources */,
				D73AE6281D9B66A3005892A0 /* ViewController.swift in Sources */,
				D7C31D3E1DAA32D5006DE9B6 /* Cell1.swift in Sources */,
				D73AE66D1D9B66BE005892A0 /* ConstraintInsets.swift in Sources */,
				D73AE65D1D9B66BE005892A0 /* ConstraintLayoutGuideDSL.swift in Sources */,
				D73AE6751D9B66BE005892A0 /* ConstraintInsetTarget.swift in Sources */,
				D73AE6261D9B66A3005892A0 /* AppDelegate.swift in Sources */,
				D73AE65C1D9B66BE005892A0 /* ConstraintDSL.swift in Sources */,
				D73AE66C1D9B66BE005892A0 /* ConstraintDescription.swift in Sources */,
				D73AE6791D9B66BE005892A0 /* ConstraintRelatableTarget.swift in Sources */,
				D73AE6601D9B66BE005892A0 /* ConstraintView+Extensions.swift in Sources */,
				D7C31D431DAA5D71006DE9B6 /* WebViewController.swift in Sources */,
				D73AE66E1D9B66BE005892A0 /* ConstraintItem.swift in Sources */,
				D73AE6641D9B66BE005892A0 /* ConstraintMakerEditable.swift in Sources */,
				D73AE6821D9B6EFC005892A0 /* helper.swift in Sources */,
				D73AE65E1D9B66BE005892A0 /* ConstraintLayoutSupportDSL.swift in Sources */,
				D73AE66F1D9B66BE005892A0 /* ConstraintLayoutGuide.swift in Sources */,
				D73AE6611D9B66BE005892A0 /* UILayoutGuide+Extensions.swift in Sources */,
				D73AE6781D9B66BE005892A0 /* ConstraintPriorityTarget.swift in Sources */,
				D73AE6721D9B66BE005892A0 /* ConstraintView.swift in Sources */,
				D7C31D401DAA445E006DE9B6 /* UITableViewCell+.swift in Sources */,
				D7C31D3C1DAA2326006DE9B6 /* DataSource1.swift in Sources */,
				D73AE65F1D9B66BE005892A0 /* ConstraintViewDSL.swift in Sources */,
				D73AE6651D9B66BE005892A0 /* ConstraintMakerExtendable.swift in Sources */,
				D73AE6711D9B66BE005892A0 /* ConstraintRelation.swift in Sources */,
				D73AE6661D9B66BE005892A0 /* ConstraintMakerFinalizable.swift in Sources */,
				D73AE6761D9B66BE005892A0 /* ConstraintMultiplierTarget.swift in Sources */,
			);
			runOnlyForDeploymentPostprocessing = 0;
		};
/* End PBXSourcesBuildPhase section */

/* Begin PBXVariantGroup section */
		D73AE6291D9B66A3005892A0 /* Main.storyboard */ = {
			isa = PBXVariantGroup;
			children = (
				D73AE62A1D9B66A3005892A0 /* Base */,
			);
			name = Main.storyboard;
			sourceTree = "<group>";
		};
		D73AE62E1D9B66A3005892A0 /* LaunchScreen.storyboard */ = {
			isa = PBXVariantGroup;
			children = (
				D73AE62F1D9B66A3005892A0 /* Base */,
			);
			name = LaunchScreen.storyboard;
			sourceTree = "<group>";
		};
/* End PBXVariantGroup section */

/* Begin XCBuildConfiguration section */
		D73AE6321D9B66A3005892A0 /* Debug */ = {
			isa = XCBuildConfiguration;
			buildSettings = {
				ALWAYS_SEARCH_USER_PATHS = NO;
				CLANG_ANALYZER_NONNULL = YES;
				CLANG_CXX_LANGUAGE_STANDARD = "gnu++0x";
				CLANG_CXX_LIBRARY = "libc++";
				CLANG_ENABLE_MODULES = YES;
				CLANG_ENABLE_OBJC_ARC = YES;
				CLANG_WARN_BOOL_CONVERSION = YES;
				CLANG_WARN_CONSTANT_CONVERSION = YES;
				CLANG_WARN_DIRECT_OBJC_ISA_USAGE = YES_ERROR;
				CLANG_WARN_DOCUMENTATION_COMMENTS = YES;
				CLANG_WARN_EMPTY_BODY = YES;
				CLANG_WARN_ENUM_CONVERSION = YES;
				CLANG_WARN_INFINITE_RECURSION = YES;
				CLANG_WARN_INT_CONVERSION = YES;
				CLANG_WARN_OBJC_ROOT_CLASS = YES_ERROR;
				CLANG_WARN_SUSPICIOUS_MOVES = YES;
				CLANG_WARN_UNREACHABLE_CODE = YES;
				CLANG_WARN__DUPLICATE_METHOD_MATCH = YES;
				"CODE_SIGN_IDENTITY[sdk=iphoneos*]" = "iPhone Developer";
				COPY_PHASE_STRIP = NO;
				DEBUG_INFORMATION_FORMAT = dwarf;
				ENABLE_STRICT_OBJC_MSGSEND = YES;
				ENABLE_TESTABILITY = YES;
				GCC_C_LANGUAGE_STANDARD = gnu99;
				GCC_DYNAMIC_NO_PIC = NO;
				GCC_NO_COMMON_BLOCKS = YES;
				GCC_OPTIMIZATION_LEVEL = 0;
				GCC_PREPROCESSOR_DEFINITIONS = (
					"DEBUG=1",
					"$(inherited)",
				);
				GCC_WARN_64_TO_32_BIT_CONVERSION = YES;
				GCC_WARN_ABOUT_RETURN_TYPE = YES_ERROR;
				GCC_WARN_UNDECLARED_SELECTOR = YES;
				GCC_WARN_UNINITIALIZED_AUTOS = YES_AGGRESSIVE;
				GCC_WARN_UNUSED_FUNCTION = YES;
				GCC_WARN_UNUSED_VARIABLE = YES;
				IPHONEOS_DEPLOYMENT_TARGET = 10.0;
				MTL_ENABLE_DEBUG_INFO = YES;
				ONLY_ACTIVE_ARCH = YES;
				SDKROOT = iphoneos;
				SWIFT_ACTIVE_COMPILATION_CONDITIONS = DEBUG;
				SWIFT_OPTIMIZATION_LEVEL = "-Onone";
			};
			name = Debug;
		};
		D73AE6331D9B66A3005892A0 /* Release */ = {
			isa = XCBuildConfiguration;
			buildSettings = {
				ALWAYS_SEARCH_USER_PATHS = NO;
				CLANG_ANALYZER_NONNULL = YES;
				CLANG_CXX_LANGUAGE_STANDARD = "gnu++0x";
				CLANG_CXX_LIBRARY = "libc++";
				CLANG_ENABLE_MODULES = YES;
				CLANG_ENABLE_OBJC_ARC = YES;
				CLANG_WARN_BOOL_CONVERSION = YES;
				CLANG_WARN_CONSTANT_CONVERSION = YES;
				CLANG_WARN_DIRECT_OBJC_ISA_USAGE = YES_ERROR;
				CLANG_WARN_DOCUMENTATION_COMMENTS = YES;
				CLANG_WARN_EMPTY_BODY = YES;
				CLANG_WARN_ENUM_CONVERSION = YES;
				CLANG_WARN_INFINITE_RECURSION = YES;
				CLANG_WARN_INT_CONVERSION = YES;
				CLANG_WARN_OBJC_ROOT_CLASS = YES_ERROR;
				CLANG_WARN_SUSPICIOUS_MOVES = YES;
				CLANG_WARN_UNREACHABLE_CODE = YES;
				CLANG_WARN__DUPLICATE_METHOD_MATCH = YES;
				"CODE_SIGN_IDENTITY[sdk=iphoneos*]" = "iPhone Developer";
				COPY_PHASE_STRIP = NO;
				DEBUG_INFORMATION_FORMAT = "dwarf-with-dsym";
				ENABLE_NS_ASSERTIONS = NO;
				ENABLE_STRICT_OBJC_MSGSEND = YES;
				GCC_C_LANGUAGE_STANDARD = gnu99;
				GCC_NO_COMMON_BLOCKS = YES;
				GCC_WARN_64_TO_32_BIT_CONVERSION = YES;
				GCC_WARN_ABOUT_RETURN_TYPE = YES_ERROR;
				GCC_WARN_UNDECLARED_SELECTOR = YES;
				GCC_WARN_UNINITIALIZED_AUTOS = YES_AGGRESSIVE;
				GCC_WARN_UNUSED_FUNCTION = YES;
				GCC_WARN_UNUSED_VARIABLE = YES;
				IPHONEOS_DEPLOYMENT_TARGET = 10.0;
				MTL_ENABLE_DEBUG_INFO = NO;
				SDKROOT = iphoneos;
				SWIFT_OPTIMIZATION_LEVEL = "-Owholemodule";
				VALIDATE_PRODUCT = YES;
			};
			name = Release;
		};
		D73AE6351D9B66A3005892A0 /* Debug */ = {
			isa = XCBuildConfiguration;
			buildSettings = {
				ASSETCATALOG_COMPILER_APPICON_NAME = AppIcon;
				DEVELOPMENT_TEAM = DRJ42M455V;
				INFOPLIST_FILE = XJOptionView/Info.plist;
				IPHONEOS_DEPLOYMENT_TARGET = 9.0;
				LD_RUNPATH_SEARCH_PATHS = "$(inherited) @executable_path/Frameworks";
				PRODUCT_BUNDLE_IDENTIFIER = "com.yonglibao-";
				PRODUCT_NAME = "$(TARGET_NAME)";
				PROVISIONING_PROFILE = "";
				SWIFT_VERSION = 3.0;
			};
			name = Debug;
		};
		D73AE6361D9B66A3005892A0 /* Release */ = {
			isa = XCBuildConfiguration;
			buildSettings = {
				ASSETCATALOG_COMPILER_APPICON_NAME = AppIcon;
				DEVELOPMENT_TEAM = DRJ42M455V;
				INFOPLIST_FILE = XJOptionView/Info.plist;
				IPHONEOS_DEPLOYMENT_TARGET = 9.0;
				LD_RUNPATH_SEARCH_PATHS = "$(inherited) @executable_path/Frameworks";
				PRODUCT_BUNDLE_IDENTIFIER = "com.yonglibao-";
				PRODUCT_NAME = "$(TARGET_NAME)";
				PROVISIONING_PROFILE = "";
				SWIFT_VERSION = 3.0;
			};
			name = Release;
		};
/* End XCBuildConfiguration section */

/* Begin XCConfigurationList section */
		D73AE61D1D9B66A3005892A0 /* Build configuration list for PBXProject "XJOptionView" */ = {
			isa = XCConfigurationList;
			buildConfigurations = (
				D73AE6321D9B66A3005892A0 /* Debug */,
				D73AE6331D9B66A3005892A0 /* Release */,
			);
			defaultConfigurationIsVisible = 0;
			defaultConfigurationName = Release;
		};
		D73AE6341D9B66A3005892A0 /* Build configuration list for PBXNativeTarget "XJOptionView" */ = {
			isa = XCConfigurationList;
			buildConfigurations = (
				D73AE6351D9B66A3005892A0 /* Debug */,
				D73AE6361D9B66A3005892A0 /* Release */,
			);
			defaultConfigurationIsVisible = 0;
			defaultConfigurationName = Release;
		};
/* End XCConfigurationList section */
	};
	rootObject = D73AE61A1D9B66A3005892A0 /* Project object */;
}
